
Microsoft Visual Studio Solution File, Format Version 12.00
# Visual Studio Version 16
VisualStudioVersion = 16.0.29905.134
MinimumVisualStudioVersion = 10.0.40219.1
Project("{FAE04EC0-301F-11D3-BF4B-00C04F79EFBC}") = "TPFormes", "TPFormes\TPFormes.csproj", "{22916E62-6964-4EC8-A16B-274CF3DBEC19}"
EndProject
Project("{FAE04EC0-301F-11D3-BF4B-00C04F79EFBC}") = "TPAuteurs", "TPAuteurs\TPAuteurs.csproj", "{8BF586FA-77B0-4A78-BDEB-7CF8EC6D60F0}"
EndProject
Global
	GlobalSection(SolutionConfigurationPlatforms) = preSolution
		Debug|Any CPU = Debug|Any CPU
		Release|Any CPU = Release|Any CPU
	EndGlobalSection
	GlobalSection(ProjectConfigurationPlatforms) = postSolution
		{22916E62-6964-4EC8-A16B-274CF3DBEC19}.Debug|Any CPU.ActiveCfg = Debug|Any CPU
		{22916E62-6964-4EC8-A16B-274CF3DBEC19}.Debug|Any CPU.Build.0 = Debug|Any CPU
		{22916E62-6964-4EC8-A16B-274CF3DBEC19}.Release|Any CPU.ActiveCfg = Release|Any CPU
		{22916E62-6964-4EC8-A16B-274CF3DBEC19}.Release|Any CPU.Build.0 = Release|Any CPU
		{8BF586FA-77B0-4A78-BDEB-7CF8EC6D60F0}.Debug|Any CPU.ActiveCfg = Debug|Any CPU
		{8BF586FA-77B0-4A78-BDEB-7CF8EC6D60F0}.Debug|Any CPU.Build.0 = Debug|Any CPU
		{8BF586FA-77B0-4A78-BDEB-7CF8EC6D60F0}.Release|Any CPU.ActiveCfg = Release|Any CPU
		{8BF586FA-77B0-4A78-BDEB-7CF8EC6D60F0}.Release|Any CPU.Build.0 = Release|Any CPU
	EndGlobalSection
	GlobalSection(SolutionProperties) = preSolution
		HideSolutionNode = FALSE
	EndGlobalSection
	GlobalSection(ExtensibilityGlobals) = postSolution
		SolutionGuid = {C305970E-8699-42C9-B266-8D0E32C0764C}
	EndGlobalSection
EndGlobal
